
Microsoft Visual Studio Solution File, Format Version 12.00
# Visual Studio Version 17
VisualStudioVersion = 17.14.37012.4
MinimumVisualStudioVersion = 10.0.40219.1
Project("{FAE04EC0-301F-11D3-BF4B-00C04F79EFBC}") = "BikeStore.Api", "BikeStore.Api\BikeStore.Api.csproj", "{5C463B85-0DF4-41AE-A70F-F70FCB0EDE33}"
EndProject
Project("{2150E333-8FDC-42A3-9474-1A3956D46DE8}") = "Elementos de la solución", "Elementos de la solución", "{D107F4C8-89CC-BEA8-D3D7-CA6B7733353D}"
	ProjectSection(SolutionItems) = preProject
		.gitignore.txt = .gitignore.txt
	EndProjectSection
EndProject
Project("{FAE04EC0-301F-11D3-BF4B-00C04F79EFBC}") = "BikeStore.Web", "BikeStore.Web\BikeStore.Web.csproj", "{D94DD848-D039-42CB-B3B7-BC77FCBFE41C}"
EndProject
Global
	GlobalSection(SolutionConfigurationPlatforms) = preSolution
		Debug|Any CPU = Debug|Any CPU
		Release|Any CPU = Release|Any CPU
	EndGlobalSection
	GlobalSection(ProjectConfigurationPlatforms) = postSolution
		{5C463B85-0DF4-41AE-A70F-F70FCB0EDE33}.Debug|Any CPU.ActiveCfg = Debug|Any CPU
		{5C463B85-0DF4-41AE-A70F-F70FCB0EDE33}.Debug|Any CPU.Build.0 = Debug|Any CPU
		{5C463B85-0DF4-41AE-A70F-F70FCB0EDE33}.Release|Any CPU.ActiveCfg = Release|Any CPU
		{5C463B85-0DF4-41AE-A70F-F70FCB0EDE33}.Release|Any CPU.Build.0 = Release|Any CPU
		{D94DD848-D039-42CB-B3B7-BC77FCBFE41C}.Debug|Any CPU.ActiveCfg = Debug|Any CPU
		{D94DD848-D039-42CB-B3B7-BC77FCBFE41C}.Debug|Any CPU.Build.0 = Debug|Any CPU
		{D94DD848-D039-42CB-B3B7-BC77FCBFE41C}.Release|Any CPU.ActiveCfg = Release|Any CPU
		{D94DD848-D039-42CB-B3B7-BC77FCBFE41C}.Release|Any CPU.Build.0 = Release|Any CPU
	EndGlobalSection
	GlobalSection(SolutionProperties) = preSolution
		HideSolutionNode = FALSE
	EndGlobalSection
	GlobalSection(ExtensibilityGlobals) = postSolution
		SolutionGuid = {804D031B-8E73-4469-9CB8-D4DFC8E76E38}
	EndGlobalSection
EndGlobal
